// !$*UTF8*$!
{
	archiveVersion = 1;
	classes = {
	};
	objectVersion = 46;
	objects = {

/* Begin PBXBuildFile section */
		572735A41C8E80C200E0D46C /* ActivityIndicator.swift in Sources */ = {isa = PBXBuildFile; fileRef = 572735A31C8E80C200E0D46C /* ActivityIndicator.swift */; };
		572735A61C8E80D900E0D46C /* ProgressTracker.swift in Sources */ = {isa = PBXBuildFile; fileRef = 572735A51C8E80D900E0D46C /* ProgressTracker.swift */; };
		575313091C784FCA0069AD41 /* AppDelegate.swift in Sources */ = {isa = PBXBuildFile; fileRef = 575313081C784FCA0069AD41 /* AppDelegate.swift */; };
		5753130B1C784FCA0069AD41 /* TripMapController.swift in Sources */ = {isa = PBXBuildFile; fileRef = 5753130A1C784FCA0069AD41 /* TripMapController.swift */; };
		5753130E1C784FCA0069AD41 /* Main.storyboard in Resources */ = {isa = PBXBuildFile; fileRef = 5753130C1C784FCA0069AD41 /* Main.storyboard */; };
		575313111C784FCA0069AD41 /* fastlane.xcdatamodeld in Sources */ = {isa = PBXBuildFile; fileRef = 5753130F1C784FCA0069AD41 /* fastlane.xcdatamodeld */; };
		575313131C784FCA0069AD41 /* Assets.xcassets in Resources */ = {isa = PBXBuildFile; fileRef = 575313121C784FCA0069AD41 /* Assets.xcassets */; };
		575313161C784FCA0069AD41 /* LaunchScreen.storyboard in Resources */ = {isa = PBXBuildFile; fileRef = 575313141C784FCA0069AD41 /* LaunchScreen.storyboard */; };
		575313211C784FCA0069AD41 /* fastlaneTests.swift in Sources */ = {isa = PBXBuildFile; fileRef = 575313201C784FCA0069AD41 /* fastlaneTests.swift */; };
		5753132C1C784FCA0069AD41 /* fastlaneUITests.swift in Sources */ = {isa = PBXBuildFile; fileRef = 5753132B1C784FCA0069AD41 /* fastlaneUITests.swift */; };
		5753133D1C7914290069AD41 /* TripSelectorController.swift in Sources */ = {isa = PBXBuildFile; fileRef = 5753133C1C7914290069AD41 /* TripSelectorController.swift */; };
		5753133F1C7914730069AD41 /* Trip.swift in Sources */ = {isa = PBXBuildFile; fileRef = 5753133E1C7914730069AD41 /* Trip.swift */; };
		575313441C7914C20069AD41 /* Traveller.swift in Sources */ = {isa = PBXBuildFile; fileRef = 575313431C7914C20069AD41 /* Traveller.swift */; };
		575313461C7915910069AD41 /* TripViewCell.swift in Sources */ = {isa = PBXBuildFile; fileRef = 575313451C7915910069AD41 /* TripViewCell.swift */; };
		575313481C7916210069AD41 /* TripClient.swift in Sources */ = {isa = PBXBuildFile; fileRef = 575313471C7916210069AD41 /* TripClient.swift */; };
		57D38A891C7C2C910043CA34 /* TripClientConstants.swift in Sources */ = {isa = PBXBuildFile; fileRef = 57D38A881C7C2C910043CA34 /* TripClientConstants.swift */; };
		57D38A8B1C8231A60043CA34 /* GoogleService-Info.plist in Resources */ = {isa = PBXBuildFile; fileRef = 57D38A8A1C8231A60043CA34 /* GoogleService-Info.plist */; };
		57D38A8C1C8231A60043CA34 /* GoogleService-Info.plist in Resources */ = {isa = PBXBuildFile; fileRef = 57D38A8A1C8231A60043CA34 /* GoogleService-Info.plist */; };
		57D38A8D1C8231A60043CA34 /* GoogleService-Info.plist in Resources */ = {isa = PBXBuildFile; fileRef = 57D38A8A1C8231A60043CA34 /* GoogleService-Info.plist */; };
		57D38A8F1C827B350043CA34 /* LoginViewController.swift in Sources */ = {isa = PBXBuildFile; fileRef = 57D38A8E1C827B350043CA34 /* LoginViewController.swift */; };
		57D38A941C8284780043CA34 /* LoginController.swift in Sources */ = {isa = PBXBuildFile; fileRef = 57D38A931C8284780043CA34 /* LoginController.swift */; };
		57D38A961C828C2E0043CA34 /* TripClientController.swift in Sources */ = {isa = PBXBuildFile; fileRef = 57D38A951C828C2E0043CA34 /* TripClientController.swift */; };
		57D988871C8562E000E770E1 /* Lane.swift in Sources */ = {isa = PBXBuildFile; fileRef = 57D988861C8562E000E770E1 /* Lane.swift */; };
		57D988891C88022A00E770E1 /* MapKit.framework in Frameworks */ = {isa = PBXBuildFile; fileRef = 57D988881C88022A00E770E1 /* MapKit.framework */; };
		57D9888D1C8BF42600E770E1 /* LaneAnnotation.swift in Sources */ = {isa = PBXBuildFile; fileRef = 57D9888C1C8BF42600E770E1 /* LaneAnnotation.swift */; };
		57D9888F1C8BF51A00E770E1 /* LaneAnnotationView.swift in Sources */ = {isa = PBXBuildFile; fileRef = 57D9888E1C8BF51900E770E1 /* LaneAnnotationView.swift */; };
		57F9E3CE1C7AC6B300B1DCB0 /* DataStackManager.swift in Sources */ = {isa = PBXBuildFile; fileRef = 57F9E3CD1C7AC6B300B1DCB0 /* DataStackManager.swift */; };
		D36D1DB849F89681FC15945A /* libPods-fastlane.a in Frameworks */ = {isa = PBXBuildFile; fileRef = 9A2759256C2D4063AD553C26 /* libPods-fastlane.a */; };
/* End PBXBuildFile section */

/* Begin PBXContainerItemProxy section */
		5753131D1C784FCA0069AD41 /* PBXContainerItemProxy */ = {
			isa = PBXContainerItemProxy;
			containerPortal = 575312FD1C784FCA0069AD41 /* Project object */;
			proxyType = 1;
			remoteGlobalIDString = 575313041C784FCA0069AD41;
			remoteInfo = fastlane;
		};
		575313281C784FCA0069AD41 /* PBXContainerItemProxy */ = {
			isa = PBXContainerItemProxy;
			containerPortal = 575312FD1C784FCA0069AD41 /* Project object */;
			proxyType = 1;
			remoteGlobalIDString = 575313041C784FCA0069AD41;
			remoteInfo = fastlane;
		};
/* End PBXContainerItemProxy section */

/* Begin PBXFileReference section */
		45E46BFC06B677D7E80AE7BD /* Pods-fastlane.release.xcconfig */ = {isa = PBXFileReference; includeInIndex = 1; lastKnownFileType = text.xcconfig; name = "Pods-fastlane.release.xcconfig"; path = "Pods/Target Support Files/Pods-fastlane/Pods-fastlane.release.xcconfig"; sourceTree = "<group>"; };
		572735A31C8E80C200E0D46C /* ActivityIndicator.swift */ = {isa = PBXFileReference; fileEncoding = 4; lastKnownFileType = sourcecode.swift; path = ActivityIndicator.swift; sourceTree = "<group>"; };
		572735A51C8E80D900E0D46C /* ProgressTracker.swift */ = {isa = PBXFileReference; fileEncoding = 4; lastKnownFileType = sourcecode.swift; path = ProgressTracker.swift; sourceTree = "<group>"; };
		575313051C784FCA0069AD41 /* fastlane.app */ = {isa = PBXFileReference; explicitFileType = wrapper.application; includeInIndex = 0; path = fastlane.app; sourceTree = BUILT_PRODUCTS_DIR; };
		575313081C784FCA0069AD41 /* AppDelegate.swift */ = {isa = PBXFileReference; lastKnownFileType = sourcecode.swift; path = AppDelegate.swift; sourceTree = "<group>"; };
		5753130A1C784FCA0069AD41 /* TripMapController.swift */ = {isa = PBXFileReference; lastKnownFileType = sourcecode.swift; path = TripMapController.swift; sourceTree = "<group>"; };
		5753130D1C784FCA0069AD41 /* Base */ = {isa = PBXFileReference; lastKnownFileType = file.storyboard; name = Base; path = Base.lproj/Main.storyboard; sourceTree = "<group>"; };
		575313101C784FCA0069AD41 /* fastlane.xcdatamodel */ = {isa = PBXFileReference; lastKnownFileType = wrapper.xcdatamodel; path = fastlane.xcdatamodel; sourceTree = "<group>"; };
		575313121C784FCA0069AD41 /* Assets.xcassets */ = {isa = PBXFileReference; lastKnownFileType = folder.assetcatalog; path = Assets.xcassets; sourceTree = "<group>"; };
		575313151C784FCA0069AD41 /* Base */ = {isa = PBXFileReference; lastKnownFileType = file.storyboard; name = Base; path = Base.lproj/LaunchScreen.storyboard; sourceTree = "<group>"; };
		575313171C784FCA0069AD41 /* Info.plist */ = {isa = PBXFileReference; lastKnownFileType = text.plist.xml; path = Info.plist; sourceTree = "<group>"; };
		5753131C1C784FCA0069AD41 /* fastlaneTests.xctest */ = {isa = PBXFileReference; explicitFileType = wrapper.cfbundle; includeInIndex = 0; path = fastlaneTests.xctest; sourceTree = BUILT_PRODUCTS_DIR; };
		575313201C784FCA0069AD41 /* fastlaneTests.swift */ = {isa = PBXFileReference; lastKnownFileType = sourcecode.swift; path = fastlaneTests.swift; sourceTree = "<group>"; };
		575313221C784FCA0069AD41 /* Info.plist */ = {isa = PBXFileReference; lastKnownFileType = text.plist.xml; path = Info.plist; sourceTree = "<group>"; };
		575313271C784FCA0069AD41 /* fastlaneUITests.xctest */ = {isa = PBXFileReference; explicitFileType = wrapper.cfbundle; includeInIndex = 0; path = fastlaneUITests.xctest; sourceTree = BUILT_PRODUCTS_DIR; };
		5753132B1C784FCA0069AD41 /* fastlaneUITests.swift */ = {isa = PBXFileReference; lastKnownFileType = sourcecode.swift; path = fastlaneUITests.swift; sourceTree = "<group>"; };
		5753132D1C784FCA0069AD41 /* Info.plist */ = {isa = PBXFileReference; lastKnownFileType = text.plist.xml; path = Info.plist; sourceTree = "<group>"; };
		5753133C1C7914290069AD41 /* TripSelectorController.swift */ = {isa = PBXFileReference; fileEncoding = 4; lastKnownFileType = sourcecode.swift; path = TripSelectorController.swift; sourceTree = "<group>"; };
		5753133E1C7914730069AD41 /* Trip.swift */ = {isa = PBXFileReference; fileEncoding = 4; lastKnownFileType = sourcecode.swift; path = Trip.swift; sourceTree = "<group>"; };
		575313431C7914C20069AD41 /* Traveller.swift */ = {isa = PBXFileReference; fileEncoding = 4; lastKnownFileType = sourcecode.swift; path = Traveller.swift; sourceTree = "<group>"; };
		575313451C7915910069AD41 /* TripViewCell.swift */ = {isa = PBXFileReference; fileEncoding = 4; lastKnownFileType = sourcecode.swift; path = TripViewCell.swift; sourceTree = "<group>"; };
		575313471C7916210069AD41 /* TripClient.swift */ = {isa = PBXFileReference; fileEncoding = 4; lastKnownFileType = sourcecode.swift; path = TripClient.swift; sourceTree = "<group>"; };
		57D38A881C7C2C910043CA34 /* TripClientConstants.swift */ = {isa = PBXFileReference; fileEncoding = 4; lastKnownFileType = sourcecode.swift; path = TripClientConstants.swift; sourceTree = "<group>"; };
		57D38A8A1C8231A60043CA34 /* GoogleService-Info.plist */ = {isa = PBXFileReference; fileEncoding = 4; lastKnownFileType = text.plist.xml; path = "GoogleService-Info.plist"; sourceTree = "<group>"; };
		57D38A8E1C827B350043CA34 /* LoginViewController.swift */ = {isa = PBXFileReference; fileEncoding = 4; lastKnownFileType = sourcecode.swift; path = LoginViewController.swift; sourceTree = "<group>"; };
		57D38A901C827C520043CA34 /* fastlane-Bridging-Header.h */ = {isa = PBXFileReference; lastKnownFileType = sourcecode.c.h; path = "fastlane-Bridging-Header.h"; sourceTree = "<group>"; };
		57D38A931C8284780043CA34 /* LoginController.swift */ = {isa = PBXFileReference; fileEncoding = 4; lastKnownFileType = sourcecode.swift; path = LoginController.swift; sourceTree = "<group>"; };
		57D38A951C828C2E0043CA34 /* TripClientController.swift */ = {isa = PBXFileReference; fileEncoding = 4; lastKnownFileType = sourcecode.swift; path = TripClientController.swift; sourceTree = "<group>"; };
		57D988861C8562E000E770E1 /* Lane.swift */ = {isa = PBXFileReference; fileEncoding = 4; lastKnownFileType = sourcecode.swift; path = Lane.swift; sourceTree = "<group>"; };
		57D988881C88022A00E770E1 /* MapKit.framework */ = {isa = PBXFileReference; lastKnownFileType = wrapper.framework; name = MapKit.framework; path = System/Library/Frameworks/MapKit.framework; sourceTree = SDKROOT; };
		57D9888C1C8BF42600E770E1 /* LaneAnnotation.swift */ = {isa = PBXFileReference; fileEncoding = 4; lastKnownFileType = sourcecode.swift; path = LaneAnnotation.swift; sourceTree = "<group>"; };
		57D9888E1C8BF51900E770E1 /* LaneAnnotationView.swift */ = {isa = PBXFileReference; fileEncoding = 4; lastKnownFileType = sourcecode.swift; path = LaneAnnotationView.swift; sourceTree = "<group>"; };
		57F9E3CD1C7AC6B300B1DCB0 /* DataStackManager.swift */ = {isa = PBXFileReference; fileEncoding = 4; lastKnownFileType = sourcecode.swift; path = DataStackManager.swift; sourceTree = "<group>"; };
		9A2759256C2D4063AD553C26 /* libPods-fastlane.a */ = {isa = PBXFileReference; explicitFileType = archive.ar; includeInIndex = 0; path = "libPods-fastlane.a"; sourceTree = BUILT_PRODUCTS_DIR; };
		A78095E3170CCF4BD6231D6B /* Pods-fastlane.debug.xcconfig */ = {isa = PBXFileReference; includeInIndex = 1; lastKnownFileType = text.xcconfig; name = "Pods-fastlane.debug.xcconfig"; path = "Pods/Target Support Files/Pods-fastlane/Pods-fastlane.debug.xcconfig"; sourceTree = "<group>"; };
/* End PBXFileReference section */

/* Begin PBXFrameworksBuildPhase section */
		575313021C784FCA0069AD41 /* Frameworks */ = {
			isa = PBXFrameworksBuildPhase;
			buildActionMask = 2147483647;
			files = (
				57D988891C88022A00E770E1 /* MapKit.framework in Frameworks */,
				D36D1DB849F89681FC15945A /* libPods-fastlane.a in Frameworks */,
			);
			runOnlyForDeploymentPostprocessing = 0;
		};
		575313191C784FCA0069AD41 /* Frameworks */ = {
			isa = PBXFrameworksBuildPhase;
			buildActionMask = 2147483647;
			files = (
			);
			runOnlyForDeploymentPostprocessing = 0;
		};
		575313241C784FCA0069AD41 /* Frameworks */ = {
			isa = PBXFrameworksBuildPhase;
			buildActionMask = 2147483647;
			files = (
			);
			runOnlyForDeploymentPostprocessing = 0;
		};
/* End PBXFrameworksBuildPhase section */

/* Begin PBXGroup section */
		1D2B9D5D4EDEE26503D09E1E /* Pods */ = {
			isa = PBXGroup;
			children = (
				A78095E3170CCF4BD6231D6B /* Pods-fastlane.debug.xcconfig */,
				45E46BFC06B677D7E80AE7BD /* Pods-fastlane.release.xcconfig */,
			);
			name = Pods;
			sourceTree = "<group>";
		};
		575312FC1C784FCA0069AD41 = {
			isa = PBXGroup;
			children = (
				575313071C784FCA0069AD41 /* fastlane */,
				5753131F1C784FCA0069AD41 /* fastlaneTests */,
				5753132A1C784FCA0069AD41 /* fastlaneUITests */,
				575313061C784FCA0069AD41 /* Products */,
				B325549BBE161D3D6CBEF878 /* Frameworks */,
				1D2B9D5D4EDEE26503D09E1E /* Pods */,
			);
			sourceTree = "<group>";
		};
		575313061C784FCA0069AD41 /* Products */ = {
			isa = PBXGroup;
			children = (
				575313051C784FCA0069AD41 /* fastlane.app */,
				5753131C1C784FCA0069AD41 /* fastlaneTests.xctest */,
				575313271C784FCA0069AD41 /* fastlaneUITests.xctest */,
			);
			name = Products;
			sourceTree = "<group>";
		};
		575313071C784FCA0069AD41 /* fastlane */ = {
			isa = PBXGroup;
			children = (
				5753133B1C7913BD0069AD41 /* Controller */,
				5753133A1C7913B10069AD41 /* Model */,
				575313391C7913AC0069AD41 /* View */,
				575313081C784FCA0069AD41 /* AppDelegate.swift */,
				5753130C1C784FCA0069AD41 /* Main.storyboard */,
				575313121C784FCA0069AD41 /* Assets.xcassets */,
				575313141C784FCA0069AD41 /* LaunchScreen.storyboard */,
				575313171C784FCA0069AD41 /* Info.plist */,
				57D38A8A1C8231A60043CA34 /* GoogleService-Info.plist */,
				57D38A901C827C520043CA34 /* fastlane-Bridging-Header.h */,
			);
			path = fastlane;
			sourceTree = "<group>";
		};
		5753131F1C784FCA0069AD41 /* fastlaneTests */ = {
			isa = PBXGroup;
			children = (
				575313201C784FCA0069AD41 /* fastlaneTests.swift */,
				575313221C784FCA0069AD41 /* Info.plist */,
			);
			path = fastlaneTests;
			sourceTree = "<group>";
		};
		5753132A1C784FCA0069AD41 /* fastlaneUITests */ = {
			isa = PBXGroup;
			children = (
				5753132B1C784FCA0069AD41 /* fastlaneUITests.swift */,
				5753132D1C784FCA0069AD41 /* Info.plist */,
			);
			path = fastlaneUITests;
			sourceTree = "<group>";
		};
		575313391C7913AC0069AD41 /* View */ = {
			isa = PBXGroup;
			children = (
				5753130A1C784FCA0069AD41 /* TripMapController.swift */,
				57D9888C1C8BF42600E770E1 /* LaneAnnotation.swift */,
				57D9888E1C8BF51900E770E1 /* LaneAnnotationView.swift */,
				5753133C1C7914290069AD41 /* TripSelectorController.swift */,
				575313451C7915910069AD41 /* TripViewCell.swift */,
				57D38A8E1C827B350043CA34 /* LoginViewController.swift */,
				57D38A951C828C2E0043CA34 /* TripClientController.swift */,
				572735A31C8E80C200E0D46C /* ActivityIndicator.swift */,
				572735A51C8E80D900E0D46C /* ProgressTracker.swift */,
			);
			name = View;
			sourceTree = "<group>";
		};
		5753133A1C7913B10069AD41 /* Model */ = {
			isa = PBXGroup;
			children = (
				5753133E1C7914730069AD41 /* Trip.swift */,
				57D988861C8562E000E770E1 /* Lane.swift */,
				575313431C7914C20069AD41 /* Traveller.swift */,
				5753130F1C784FCA0069AD41 /* fastlane.xcdatamodeld */,
				57F9E3CD1C7AC6B300B1DCB0 /* DataStackManager.swift */,
			);
			name = Model;
			sourceTree = "<group>";
		};
		5753133B1C7913BD0069AD41 /* Controller */ = {
			isa = PBXGroup;
			children = (
				575313471C7916210069AD41 /* TripClient.swift */,
				57D38A881C7C2C910043CA34 /* TripClientConstants.swift */,
				57D38A931C8284780043CA34 /* LoginController.swift */,
			);
			name = Controller;
			sourceTree = "<group>";
		};
		B325549BBE161D3D6CBEF878 /* Frameworks */ = {
			isa = PBXGroup;
			children = (
				57D988881C88022A00E770E1 /* MapKit.framework */,
				9A2759256C2D4063AD553C26 /* libPods-fastlane.a */,
			);
			name = Frameworks;
			sourceTree = "<group>";
		};
/* End PBXGroup section */

/* Begin PBXNativeTarget section */
		575313041C784FCA0069AD41 /* fastlane */ = {
			isa = PBXNativeTarget;
			buildConfigurationList = 575313301C784FCA0069AD41 /* Build configuration list for PBXNativeTarget "fastlane" */;
			buildPhases = (
				1B4045157FF3F9A4DFA286E1 /* [CP] Check Pods Manifest.lock */,
				575313011C784FCA0069AD41 /* Sources */,
				575313021C784FCA0069AD41 /* Frameworks */,
				575313031C784FCA0069AD41 /* Resources */,
				746F8DB1E9E3D119FB063E20 /* [CP] Embed Pods Frameworks */,
				7C90C5FBAE07458154FC77D0 /* [CP] Copy Pods Resources */,
			);
			buildRules = (
			);
			dependencies = (
			);
			name = fastlane;
			productName = fastlane;
			productReference = 575313051C784FCA0069AD41 /* fastlane.app */;
			productType = "com.apple.product-type.application";
		};
		5753131B1C784FCA0069AD41 /* fastlaneTests */ = {
			isa = PBXNativeTarget;
			buildConfigurationList = 575313331C784FCA0069AD41 /* Build configuration list for PBXNativeTarget "fastlaneTests" */;
			buildPhases = (
				575313181C784FCA0069AD41 /* Sources */,
				575313191C784FCA0069AD41 /* Frameworks */,
				5753131A1C784FCA0069AD41 /* Resources */,
			);
			buildRules = (
			);
			dependencies = (
				5753131E1C784FCA0069AD41 /* PBXTargetDependency */,
			);
			name = fastlaneTests;
			productName = fastlaneTests;
			productReference = 5753131C1C784FCA0069AD41 /* fastlaneTests.xctest */;
			productType = "com.apple.product-type.bundle.unit-test";
		};
		575313261C784FCA0069AD41 /* fastlaneUITests */ = {
			isa = PBXNativeTarget;
			buildConfigurationList = 575313361C784FCA0069AD41 /* Build configuration list for PBXNativeTarget "fastlaneUITests" */;
			buildPhases = (
				575313231C784FCA0069AD41 /* Sources */,
				575313241C784FCA0069AD41 /* Frameworks */,
				575313251C784FCA0069AD41 /* Resources */,
			);
			buildRules = (
			);
			dependencies = (
				575313291C784FCA0069AD41 /* PBXTargetDependency */,
			);
			name = fastlaneUITests;
			productName = fastlaneUITests;
			productReference = 575313271C784FCA0069AD41 /* fastlaneUITests.xctest */;
			productType = "com.apple.product-type.bundle.ui-testing";
		};
/* End PBXNativeTarget section */

/* Begin PBXProject section */
		575312FD1C784FCA0069AD41 /* Project object */ = {
			isa = PBXProject;
			attributes = {
				LastSwiftUpdateCheck = 0710;
				LastUpgradeCheck = 0710;
				ORGANIZATIONNAME = "No org";
				TargetAttributes = {
					575313041C784FCA0069AD41 = {
						CreatedOnToolsVersion = 7.1.1;
						LastSwiftMigration = 0820;
					};
					5753131B1C784FCA0069AD41 = {
						CreatedOnToolsVersion = 7.1.1;
						LastSwiftMigration = 0820;
						TestTargetID = 575313041C784FCA0069AD41;
					};
					575313261C784FCA0069AD41 = {
						CreatedOnToolsVersion = 7.1.1;
						LastSwiftMigration = 0820;
						TestTargetID = 575313041C784FCA0069AD41;
					};
				};
			};
			buildConfigurationList = 575313001C784FCA0069AD41 /* Build configuration list for PBXProject "fastlane" */;
			compatibilityVersion = "Xcode 3.2";
			developmentRegion = English;
			hasScannedForEncodings = 0;
			knownRegions = (
				en,
				Base,
			);
			mainGroup = 575312FC1C784FCA0069AD41;
			productRefGroup = 575313061C784FCA0069AD41 /* Products */;
			projectDirPath = "";
			projectRoot = "";
			targets = (
				575313041C784FCA0069AD41 /* fastlane */,
				5753131B1C784FCA0069AD41 /* fastlaneTests */,
				575313261C784FCA0069AD41 /* fastlaneUITests */,
			);
		};
/* End PBXProject section */

/* Begin PBXResourcesBuildPhase section */
		575313031C784FCA0069AD41 /* Resources */ = {
			isa = PBXResourcesBuildPhase;
			buildActionMask = 2147483647;
			files = (
				575313161C784FCA0069AD41 /* LaunchScreen.storyboard in Resources */,
				57D38A8B1C8231A60043CA34 /* GoogleService-Info.plist in Resources */,
				575313131C784FCA0069AD41 /* Assets.xcassets in Resources */,
				5753130E1C784FCA0069AD41 /* Main.storyboard in Resources */,
			);
			runOnlyForDeploymentPostprocessing = 0;
		};
		5753131A1C784FCA0069AD41 /* Resources */ = {
			isa = PBXResourcesBuildPhase;
			buildActionMask = 2147483647;
			files = (
				57D38A8C1C8231A60043CA34 /* GoogleService-Info.plist in Resources */,
			);
			runOnlyForDeploymentPostprocessing = 0;
		};
		575313251C784FCA0069AD41 /* Resources */ = {
			isa = PBXResourcesBuildPhase;
			buildActionMask = 2147483647;
			files = (
				57D38A8D1C8231A60043CA34 /* GoogleService-Info.plist in Resources */,
			);
			runOnlyForDeploymentPostprocessing = 0;
		};
/* End PBXResourcesBuildPhase section */

/* Begin PBXShellScriptBuildPhase section */
		1B4045157FF3F9A4DFA286E1 /* [CP] Check Pods Manifest.lock */ = {
			isa = PBXShellScriptBuildPhase;
			buildActionMask = 2147483647;
			files = (
			);
			inputPaths = (
			);
			name = "[CP] Check Pods Manifest.lock";
			outputPaths = (
			);
			runOnlyForDeploymentPostprocessing = 0;
			shellPath = /bin/sh;
			shellScript = "diff \"${PODS_ROOT}/../Podfile.lock\" \"${PODS_ROOT}/Manifest.lock\" > /dev/null\nif [ $? != 0 ] ; then\n    # print error to STDERR\n    echo \"error: The sandbox is not in sync with the Podfile.lock. Run 'pod install' or update your CocoaPods installation.\" >&2\n    exit 1\nfi\n";
			showEnvVarsInLog = 0;
		};
		746F8DB1E9E3D119FB063E20 /* [CP] Embed Pods Frameworks */ = {
			isa = PBXShellScriptBuildPhase;
			buildActionMask = 2147483647;
			files = (
			);
			inputPaths = (
			);
			name = "[CP] Embed Pods Frameworks";
			outputPaths = (
			);
			runOnlyForDeploymentPostprocessing = 0;
			shellPath = /bin/sh;
			shellScript = "\"${SRCROOT}/Pods/Target Support Files/Pods-fastlane/Pods-fastlane-frameworks.sh\"\n";
			showEnvVarsInLog = 0;
		};
		7C90C5FBAE07458154FC77D0 /* [CP] Copy Pods Resources */ = {
			isa = PBXShellScriptBuildPhase;
			buildActionMask = 2147483647;
			files = (
			);
			inputPaths = (
			);
			name = "[CP] Copy Pods Resources";
			outputPaths = (
			);
			runOnlyForDeploymentPostprocessing = 0;
			shellPath = /bin/sh;
			shellScript = "\"${SRCROOT}/Pods/Target Support Files/Pods-fastlane/Pods-fastlane-resources.sh\"\n";
			showEnvVarsInLog = 0;
		};
/* End PBXShellScriptBuildPhase section */

/* Begin PBXSourcesBuildPhase section */
		575313011C784FCA0069AD41 /* Sources */ = {
			isa = PBXSourcesBuildPhase;
			buildActionMask = 2147483647;
			files = (
				57D38A961C828C2E0043CA34 /* TripClientController.swift in Sources */,
				572735A61C8E80D900E0D46C /* ProgressTracker.swift in Sources */,
				575313461C7915910069AD41 /* TripViewCell.swift in Sources */,
				57D38A941C8284780043CA34 /* LoginController.swift in Sources */,
				5753133F1C7914730069AD41 /* Trip.swift in Sources */,
				5753130B1C784FCA0069AD41 /* TripMapController.swift in Sources */,
				575313091C784FCA0069AD41 /* AppDelegate.swift in Sources */,
				575313481C7916210069AD41 /* TripClient.swift in Sources */,
				575313111C784FCA0069AD41 /* fastlane.xcdatamodeld in Sources */,
				5753133D1C7914290069AD41 /* TripSelectorController.swift in Sources */,
				57D9888F1C8BF51A00E770E1 /* LaneAnnotationView.swift in Sources */,
				57D38A891C7C2C910043CA34 /* TripClientConstants.swift in Sources */,
				57D9888D1C8BF42600E770E1 /* LaneAnnotation.swift in Sources */,
				57F9E3CE1C7AC6B300B1DCB0 /* DataStackManager.swift in Sources */,
				575313441C7914C20069AD41 /* Traveller.swift in Sources */,
				57D38A8F1C827B350043CA34 /* LoginViewController.swift in Sources */,
				57D988871C8562E000E770E1 /* Lane.swift in Sources */,
				572735A41C8E80C200E0D46C /* ActivityIndicator.swift in Sources */,
			);
			runOnlyForDeploymentPostprocessing = 0;
		};
		575313181C784FCA0069AD41 /* Sources */ = {
			isa = PBXSourcesBuildPhase;
			buildActionMask = 2147483647;
			files = (
				575313211C784FCA0069AD41 /* fastlaneTests.swift in Sources */,
			);
			runOnlyForDeploymentPostprocessing = 0;
		};
		575313231C784FCA0069AD41 /* Sources */ = {
			isa = PBXSourcesBuildPhase;
			buildActionMask = 2147483647;
			files = (
				5753132C1C784FCA0069AD41 /* fastlaneUITests.swift in Sources */,
			);
			runOnlyForDeploymentPostprocessing = 0;
		};
/* End PBXSourcesBuildPhase section */

/* Begin PBXTargetDependency section */
		5753131E1C784FCA0069AD41 /* PBXTargetDependency */ = {
			isa = PBXTargetDependency;
			target = 575313041C784FCA0069AD41 /* fastlane */;
			targetProxy = 5753131D1C784FCA0069AD41 /* PBXContainerItemProxy */;
		};
		575313291C784FCA0069AD41 /* PBXTargetDependency */ = {
			isa = PBXTargetDependency;
			target = 575313041C784FCA0069AD41 /* fastlane */;
			targetProxy = 575313281C784FCA0069AD41 /* PBXContainerItemProxy */;
		};
/* End PBXTargetDependency section */

/* Begin PBXVariantGroup section */
		5753130C1C784FCA0069AD41 /* Main.storyboard */ = {
			isa = PBXVariantGroup;
			children = (
				5753130D1C784FCA0069AD41 /* Base */,
			);
			name = Main.storyboard;
			sourceTree = "<group>";
		};
		575313141C784FCA0069AD41 /* LaunchScreen.storyboard */ = {
			isa = PBXVariantGroup;
			children = (
				575313151C784FCA0069AD41 /* Base */,
			);
			name = LaunchScreen.storyboard;
			sourceTree = "<group>";
		};
/* End PBXVariantGroup section */

/* Begin XCBuildConfiguration section */
		5753132E1C784FCA0069AD41 /* Debug */ = {
			isa = XCBuildConfiguration;
			buildSettings = {
				ALWAYS_SEARCH_USER_PATHS = NO;
				CLANG_CXX_LANGUAGE_STANDARD = "gnu++0x";
				CLANG_CXX_LIBRARY = "libc++";
				CLANG_ENABLE_MODULES = YES;
				CLANG_ENABLE_OBJC_ARC = YES;
				CLANG_WARN_BOOL_CONVERSION = YES;
				CLANG_WARN_CONSTANT_CONVERSION = YES;
				CLANG_WARN_DIRECT_OBJC_ISA_USAGE = YES_ERROR;
				CLANG_WARN_EMPTY_BODY = YES;
				CLANG_WARN_ENUM_CONVERSION = YES;
				CLANG_WARN_INT_CONVERSION = YES;
				CLANG_WARN_OBJC_ROOT_CLASS = YES_ERROR;
				CLANG_WARN_UNREACHABLE_CODE = YES;
				CLANG_WARN__DUPLICATE_METHOD_MATCH = YES;
				"CODE_SIGN_IDENTITY[sdk=iphoneos*]" = "iPhone Developer";
				COPY_PHASE_STRIP = NO;
				DEBUG_INFORMATION_FORMAT = dwarf;
				ENABLE_STRICT_OBJC_MSGSEND = YES;
				ENABLE_TESTABILITY = YES;
				GCC_C_LANGUAGE_STANDARD = gnu99;
				GCC_DYNAMIC_NO_PIC = NO;
				GCC_NO_COMMON_BLOCKS = YES;
				GCC_OPTIMIZATION_LEVEL = 0;
				GCC_PREPROCESSOR_DEFINITIONS = (
					"DEBUG=1",
					"$(inherited)",
				);
				GCC_WARN_64_TO_32_BIT_CONVERSION = YES;
				GCC_WARN_ABOUT_RETURN_TYPE = YES_ERROR;
				GCC_WARN_UNDECLARED_SELECTOR = YES;
				GCC_WARN_UNINITIALIZED_AUTOS = YES_AGGRESSIVE;
				GCC_WARN_UNUSED_FUNCTION = YES;
				GCC_WARN_UNUSED_VARIABLE = YES;
				IPHONEOS_DEPLOYMENT_TARGET = 9.1;
				MTL_ENABLE_DEBUG_INFO = YES;
				ONLY_ACTIVE_ARCH = YES;
				SDKROOT = iphoneos;
				SWIFT_OPTIMIZATION_LEVEL = "-Onone";
			};
			name = Debug;
		};
		5753132F1C784FCA0069AD41 /* Release */ = {
			isa = XCBuildConfiguration;
			buildSettings = {
				ALWAYS_SEARCH_USER_PATHS = NO;
				CLANG_CXX_LANGUAGE_STANDARD = "gnu++0x";
				CLANG_CXX_LIBRARY = "libc++";
				CLANG_ENABLE_MODULES = YES;
				CLANG_ENABLE_OBJC_ARC = YES;
				CLANG_WARN_BOOL_CONVERSION = YES;
				CLANG_WARN_CONSTANT_CONVERSION = YES;
				CLANG_WARN_DIRECT_OBJC_ISA_USAGE = YES_ERROR;
				CLANG_WARN_EMPTY_BODY = YES;
				CLANG_WARN_ENUM_CONVERSION = YES;
				CLANG_WARN_INT_CONVERSION = YES;
				CLANG_WARN_OBJC_ROOT_CLASS = YES_ERROR;
				CLANG_WARN_UNREACHABLE_CODE = YES;
				CLANG_WARN__DUPLICATE_METHOD_MATCH = YES;
				"CODE_SIGN_IDENTITY[sdk=iphoneos*]" = "iPhone Developer";
				COPY_PHASE_STRIP = NO;
				DEBUG_INFORMATION_FORMAT = "dwarf-with-dsym";
				ENABLE_NS_ASSERTIONS = NO;
				ENABLE_STRICT_OBJC_MSGSEND = YES;
				GCC_C_LANGUAGE_STANDARD = gnu99;
				GCC_NO_COMMON_BLOCKS = YES;
				GCC_WARN_64_TO_32_BIT_CONVERSION = YES;
				GCC_WARN_ABOUT_RETURN_TYPE = YES_ERROR;
				GCC_WARN_UNDECLARED_SELECTOR = YES;
				GCC_WARN_UNINITIALIZED_AUTOS = YES_AGGRESSIVE;
				GCC_WARN_UNUSED_FUNCTION = YES;
				GCC_WARN_UNUSED_VARIABLE = YES;
				IPHONEOS_DEPLOYMENT_TARGET = 9.1;
				MTL_ENABLE_DEBUG_INFO = NO;
				SDKROOT = iphoneos;
				VALIDATE_PRODUCT = YES;
			};
			name = Release;
		};
		575313311C784FCA0069AD41 /* Debug */ = {
			isa = XCBuildConfiguration;
			baseConfigurationReference = A78095E3170CCF4BD6231D6B /* Pods-fastlane.debug.xcconfig */;
			buildSettings = {
				ASSETCATALOG_COMPILER_APPICON_NAME = AppIcon;
				CLANG_ENABLE_MODULES = YES;
				INFOPLIST_FILE = fastlane/Info.plist;
				LD_RUNPATH_SEARCH_PATHS = "$(inherited) @executable_path/Frameworks";
				PRODUCT_BUNDLE_IDENTIFIER = com.shkreza.fastlane.SignIn;
				PRODUCT_NAME = "$(TARGET_NAME)";
				SWIFT_OBJC_BRIDGING_HEADER = "fastlane/fastlane-Bridging-Header.h";
				SWIFT_OPTIMIZATION_LEVEL = "-Onone";
				SWIFT_VERSION = 3.0;
			};
			name = Debug;
		};
		575313321C784FCA0069AD41 /* Release */ = {
			isa = XCBuildConfiguration;
			baseConfigurationReference = 45E46BFC06B677D7E80AE7BD /* Pods-fastlane.release.xcconfig */;
			buildSettings = {
				ASSETCATALOG_COMPILER_APPICON_NAME = AppIcon;
				CLANG_ENABLE_MODULES = YES;
				INFOPLIST_FILE = fastlane/Info.plist;
				LD_RUNPATH_SEARCH_PATHS = "$(inherited) @executable_path/Frameworks";
				PRODUCT_BUNDLE_IDENTIFIER = com.shkreza.fastlane.SignIn;
				PRODUCT_NAME = "$(TARGET_NAME)";
				SWIFT_OBJC_BRIDGING_HEADER = "fastlane/fastlane-Bridging-Header.h";
				SWIFT_VERSION = 3.0;
			};
			name = Release;
		};
		575313341C784FCA0069AD41 /* Debug */ = {
			isa = XCBuildConfiguration;
			buildSettings = {
				BUNDLE_LOADER = "$(TEST_HOST)";
				INFOPLIST_FILE = fastlaneTests/Info.plist;
				LD_RUNPATH_SEARCH_PATHS = "$(inherited) @executable_path/Frameworks @loader_path/Frameworks";
				PRODUCT_BUNDLE_IDENTIFIER = com.shkreza.fastlaneTests;
				PRODUCT_NAME = "$(TARGET_NAME)";
				SWIFT_VERSION = 3.0;
				TEST_HOST = "$(BUILT_PRODUCTS_DIR)/fastlane.app/fastlane";
			};
			name = Debug;
		};
		575313351C784FCA0069AD41 /* Release */ = {
			isa = XCBuildConfiguration;
			buildSettings = {
				BUNDLE_LOADER = "$(TEST_HOST)";
				INFOPLIST_FILE = fastlaneTests/Info.plist;
				LD_RUNPATH_SEARCH_PATHS = "$(inherited) @executable_path/Frameworks @loader_path/Frameworks";
				PRODUCT_BUNDLE_IDENTIFIER = com.shkreza.fastlaneTests;
				PRODUCT_NAME = "$(TARGET_NAME)";
				SWIFT_VERSION = 3.0;
				TEST_HOST = "$(BUILT_PRODUCTS_DIR)/fastlane.app/fastlane";
			};
			name = Release;
		};
		575313371C784FCA0069AD41 /* Debug */ = {
			isa = XCBuildConfiguration;
			buildSettings = {
				INFOPLIST_FILE = fastlaneUITests/Info.plist;
				LD_RUNPATH_SEARCH_PATHS = "$(inherited) @executable_path/Frameworks @loader_path/Frameworks";
				PRODUCT_BUNDLE_IDENTIFIER = com.shkreza.fastlaneUITests;
				PRODUCT_NAME = "$(TARGET_NAME)";
				SWIFT_VERSION = 3.0;
				TEST_TARGET_NAME = fastlane;
				USES_XCTRUNNER = YES;
			};
			name = Debug;
		};
		575313381C784FCA0069AD41 /* Release */ = {
			isa = XCBuildConfiguration;
			buildSettings = {
				INFOPLIST_FILE = fastlaneUITests/Info.plist;
				LD_RUNPATH_SEARCH_PATHS = "$(inherited) @executable_path/Frameworks @loader_path/Frameworks";
				PRODUCT_BUNDLE_IDENTIFIER = com.shkreza.fastlaneUITests;
				PRODUCT_NAME = "$(TARGET_NAME)";
				SWIFT_VERSION = 3.0;
				TEST_TARGET_NAME = fastlane;
				USES_XCTRUNNER = YES;
			};
			name = Release;
		};
/* End XCBuildConfiguration section */

/* Begin XCConfigurationList section */
		575313001C784FCA0069AD41 /* Build configuration list for PBXProject "fastlane" */ = {
			isa = XCConfigurationList;
			buildConfigurations = (
				5753132E1C784FCA0069AD41 /* Debug */,
				5753132F1C784FCA0069AD41 /* Release */,
			);
			defaultConfigurationIsVisible = 0;
			defaultConfigurationName = Release;
		};
		575313301C784FCA0069AD41 /* Build configuration list for PBXNativeTarget "fastlane" */ = {
			isa = XCConfigurationList;
			buildConfigurations = (
				575313311C784FCA0069AD41 /* Debug */,
				575313321C784FCA0069AD41 /* Release */,
			);
			defaultConfigurationIsVisible = 0;
			defaultConfigurationName = Release;
		};
		575313331C784FCA0069AD41 /* Build configuration list for PBXNativeTarget "fastlaneTests" */ = {
			isa = XCConfigurationList;
			buildConfigurations = (
				575313341C784FCA0069AD41 /* Debug */,
				575313351C784FCA0069AD41 /* Release */,
			);
			defaultConfigurationIsVisible = 0;
			defaultConfigurationName = Release;
		};
		575313361C784FCA0069AD41 /* Build configuration list for PBXNativeTarget "fastlaneUITests" */ = {
			isa = XCConfigurationList;
			buildConfigurations = (
				575313371C784FCA0069AD41 /* Debug */,
				575313381C784FCA0069AD41 /* Release */,
			);
			defaultConfigurationIsVisible = 0;
			defaultConfigurationName = Release;
		};
/* End XCConfigurationList section */

/* Begin XCVersionGroup section */
		5753130F1C784FCA0069AD41 /* fastlane.xcdatamodeld */ = {
			isa = XCVersionGroup;
			children = (
				575313101C784FCA0069AD41 /* fastlane.xcdatamodel */,
			);
			currentVersion = 575313101C784FCA0069AD41 /* fastlane.xcdatamodel */;
			path = fastlane.xcdatamodeld;
			sourceTree = "<group>";
			versionGroupType = wrapper.xcdatamodel;
		};
/* End XCVersionGroup section */
	};
	rootObject = 575312FD1C784FCA0069AD41 /* Project object */;
}
